# THIS IS AN AUTOGENERATED FILE. DO NOT EDIT THIS FILE DIRECTLY.
# yarn lockfile v1


"@types/node@^16.11.7":
  "integrity" "sha512-QXu45LyepgnhUfnIAj/FyT4uM87ug5KpIrgXfQtUPNAlx8w5hmd8z8emqCLNvG11QkpRSCG9Qg2buMxvqfjfsQ=="
  "resolved" "https://registry.npmjs.org/@types/node/-/node-16.11.35.tgz"
  "version" "16.11.35"

"typescript@~4.4.3":
  "integrity" "sha512-DqGhF5IKoBl8WNf8C1gu8q0xZSInh9j1kJJMqT3a94w1JzVaBU4EXOSMrz9yDqMT0xt3selp83fuFMQ0uzv6qA=="
  "resolved" "https://registry.npmjs.org/typescript/-/typescript-4.4.4.tgz"
  "version" "4.4.4"
